
Microsoft Visual Studio Solution File, Format Version 12.00
# Visual Studio Version 17
VisualStudioVersion = 17.10.34916.146
MinimumVisualStudioVersion = 10.0.40219.1
Project("{FAE04EC0-301F-11D3-BF4B-00C04F79EFBC}") = "TI_Recap_API.API", "TI_Recap_API.API\TI_Recap_API.API.csproj", "{7CA00E01-4872-47F2-A1D7-36CF104CD524}"
EndProject
Project("{FAE04EC0-301F-11D3-BF4B-00C04F79EFBC}") = "TI_Recap_API.BLL", "TI_Recap_API.BLL\TI_Recap_API.BLL.csproj", "{7981A216-A972-47F0-B7A6-C8CEF3BC7A41}"
EndProject
Project("{FAE04EC0-301F-11D3-BF4B-00C04F79EFBC}") = "TI_Recap_API.DAL", "TI_Recap_API.DAL\TI_Recap_API.DAL.csproj", "{895DAD66-9C5F-4D8A-8D2F-DB085AD51764}"
EndProject
Project("{FAE04EC0-301F-11D3-BF4B-00C04F79EFBC}") = "TI_Recap_API.Domain", "TI_Recap_API.Domain\TI_Recap_API.Domain.csproj", "{8A17A8B3-B82B-4007-97A5-ED18A652C680}"
EndProject
Project("{00D1A9C2-B5F0-4AF3-8072-F6C62B433612}") = "TI_Recap_API.DB", "TI_Recap_API.DB\TI_Recap_API.DB.sqlproj", "{F12D976F-9C13-4DDA-BEC5-0990DB7003F9}"
EndProject
Global
	GlobalSection(SolutionConfigurationPlatforms) = preSolution
		Debug|Any CPU = Debug|Any CPU
		Release|Any CPU = Release|Any CPU
	EndGlobalSection
	GlobalSection(ProjectConfigurationPlatforms) = postSolution
		{7CA00E01-4872-47F2-A1D7-36CF104CD524}.Debug|Any CPU.ActiveCfg = Debug|Any CPU
		{7CA00E01-4872-47F2-A1D7-36CF104CD524}.Debug|Any CPU.Build.0 = Debug|Any CPU
		{7CA00E01-4872-47F2-A1D7-36CF104CD524}.Release|Any CPU.ActiveCfg = Release|Any CPU
		{7CA00E01-4872-47F2-A1D7-36CF104CD524}.Release|Any CPU.Build.0 = Release|Any CPU
		{7981A216-A972-47F0-B7A6-C8CEF3BC7A41}.Debug|Any CPU.ActiveCfg = Debug|Any CPU
		{7981A216-A972-47F0-B7A6-C8CEF3BC7A41}.Debug|Any CPU.Build.0 = Debug|Any CPU
		{7981A216-A972-47F0-B7A6-C8CEF3BC7A41}.Release|Any CPU.ActiveCfg = Release|Any CPU
		{7981A216-A972-47F0-B7A6-C8CEF3BC7A41}.Release|Any CPU.Build.0 = Release|Any CPU
		{895DAD66-9C5F-4D8A-8D2F-DB085AD51764}.Debug|Any CPU.ActiveCfg = Debug|Any CPU
		{895DAD66-9C5F-4D8A-8D2F-DB085AD51764}.Debug|Any CPU.Build.0 = Debug|Any CPU
		{895DAD66-9C5F-4D8A-8D2F-DB085AD51764}.Release|Any CPU.ActiveCfg = Release|Any CPU
		{895DAD66-9C5F-4D8A-8D2F-DB085AD51764}.Release|Any CPU.Build.0 = Release|Any CPU
		{8A17A8B3-B82B-4007-97A5-ED18A652C680}.Debug|Any CPU.ActiveCfg = Debug|Any CPU
		{8A17A8B3-B82B-4007-97A5-ED18A652C680}.Debug|Any CPU.Build.0 = Debug|Any CPU
		{8A17A8B3-B82B-4007-97A5-ED18A652C680}.Release|Any CPU.ActiveCfg = Release|Any CPU
		{8A17A8B3-B82B-4007-97A5-ED18A652C680}.Release|Any CPU.Build.0 = Release|Any CPU
		{F12D976F-9C13-4DDA-BEC5-0990DB7003F9}.Debug|Any CPU.ActiveCfg = Debug|Any CPU
		{F12D976F-9C13-4DDA-BEC5-0990DB7003F9}.Debug|Any CPU.Build.0 = Debug|Any CPU
		{F12D976F-9C13-4DDA-BEC5-0990DB7003F9}.Debug|Any CPU.Deploy.0 = Debug|Any CPU
		{F12D976F-9C13-4DDA-BEC5-0990DB7003F9}.Release|Any CPU.ActiveCfg = Release|Any CPU
		{F12D976F-9C13-4DDA-BEC5-0990DB7003F9}.Release|Any CPU.Build.0 = Release|Any CPU
		{F12D976F-9C13-4DDA-BEC5-0990DB7003F9}.Release|Any CPU.Deploy.0 = Release|Any CPU
	EndGlobalSection
	GlobalSection(SolutionProperties) = preSolution
		HideSolutionNode = FALSE
	EndGlobalSection
	GlobalSection(ExtensibilityGlobals) = postSolution
		SolutionGuid = {3226FAA1-4682-45F0-809D-37E552A8B23E}
	EndGlobalSection
EndGlobal
